
Microsoft Visual Studio Solution File, Format Version 12.00
# Visual Studio 15
Project("{FAE04EC0-301F-11D3-BF4B-00C04F79EFBC}") = "Unity.ProBuilder", "Unity.ProBuilder.csproj", "{788643C8-F5C9-F0C7-AB04-9E13E317FD01}"
EndProject
Project("{FAE04EC0-301F-11D3-BF4B-00C04F79EFBC}") = "UnityEngine.TestRunner", "UnityEngine.TestRunner.csproj", "{2AF54CEF-4BA4-C953-3351-3D121D9B0463}"
EndProject
Project("{FAE04EC0-301F-11D3-BF4B-00C04F79EFBC}") = "com.rlabrecque.steamworks.net", "com.rlabrecque.steamworks.net.csproj", "{9DBC4C73-6E04-8795-CA03-0870AAE69C59}"
EndProject
Project("{FAE04EC0-301F-11D3-BF4B-00C04F79EFBC}") = "Unity.Postprocessing.Runtime", "Unity.Postprocessing.Runtime.csproj", "{3B34CC4C-08B4-F4F7-E5A7-883DF43791DC}"
EndProject
Project("{FAE04EC0-301F-11D3-BF4B-00C04F79EFBC}") = "Assembly-CSharp", "Assembly-CSharp.csproj", "{F26AA553-FFBA-354F-FEDB-5F4136F53EC1}"
EndProject
Project("{FAE04EC0-301F-11D3-BF4B-00C04F79EFBC}") = "Unity.RenderPipelines.Universal.Runtime", "Unity.RenderPipelines.Universal.Runtime.csproj", "{57400AD9-328B-4770-BB39-27E28F7333F1}"
EndProject
Project("{FAE04EC0-301F-11D3-BF4B-00C04F79EFBC}") = "Unity.TextMeshPro", "Unity.TextMeshPro.csproj", "{CF13EBBD-00E5-CE33-5953-FC5F80A1140A}"
EndProject
Project("{FAE04EC0-301F-11D3-BF4B-00C04F79EFBC}") = "Unity.Timeline", "Unity.Timeline.csproj", "{3C8AB648-F4D3-C8A4-718E-0EC61DB2B4BC}"
EndProject
Project("{FAE04EC0-301F-11D3-BF4B-00C04F79EFBC}") = "Ink-Libraries", "Ink-Libraries.csproj", "{18234A9E-6D4C-358F-5F1A-9494433DAD0A}"
EndProject
Project("{FAE04EC0-301F-11D3-BF4B-00C04F79EFBC}") = "Cinemachine", "Cinemachine.csproj", "{3671FE4B-4236-6727-BF71-C2427BDF57C3}"
EndProject
Project("{FAE04EC0-301F-11D3-BF4B-00C04F79EFBC}") = "Unity.RenderPipelines.Core.Runtime", "Unity.RenderPipelines.Core.Runtime.csproj", "{5DE6E3F6-083D-567A-FFF6-7DBA1DDF95FD}"
EndProject
Project("{FAE04EC0-301F-11D3-BF4B-00C04F79EFBC}") = "Unity.ProBuilder.Poly2Tri", "Unity.ProBuilder.Poly2Tri.csproj", "{A002CA65-0143-EC9C-472F-1027CC2B2948}"
EndProject
Project("{FAE04EC0-301F-11D3-BF4B-00C04F79EFBC}") = "Unity.Analytics.DataPrivacy", "Unity.Analytics.DataPrivacy.csproj", "{5EF21F0C-561B-F22A-16DB-D1871AF33D98}"
EndProject
Project("{FAE04EC0-301F-11D3-BF4B-00C04F79EFBC}") = "Unity.ProBuilder.KdTree", "Unity.ProBuilder.KdTree.csproj", "{5DA1728C-4A0F-B5F4-B862-31AF61AC457E}"
EndProject
Project("{FAE04EC0-301F-11D3-BF4B-00C04F79EFBC}") = "UnityEngine.XR.LegacyInputHelpers", "UnityEngine.XR.LegacyInputHelpers.csproj", "{B0FCC944-FB10-EA96-E025-5B5FA9FF29D4}"
EndProject
Project("{FAE04EC0-301F-11D3-BF4B-00C04F79EFBC}") = "Unity.ProBuilder.Csg", "Unity.ProBuilder.Csg.csproj", "{F1497D85-92DF-0416-8317-A948D598E865}"
EndProject
Project("{FAE04EC0-301F-11D3-BF4B-00C04F79EFBC}") = "Unity.ProBuilder.Stl", "Unity.ProBuilder.Stl.csproj", "{CFD67B24-B3A7-D22D-DBFD-F89A4DFE5E98}"
EndProject
Project("{FAE04EC0-301F-11D3-BF4B-00C04F79EFBC}") = "UnityEngine.SpatialTracking", "UnityEngine.SpatialTracking.csproj", "{FEB05C0D-FB23-98E1-4FDB-9000E9B03A84}"
EndProject
Project("{FAE04EC0-301F-11D3-BF4B-00C04F79EFBC}") = "Unity.RenderPipelines.ShaderGraph.ShaderGraphLibrary", "Unity.RenderPipelines.ShaderGraph.ShaderGraphLibrary.csproj", "{B65AF317-3ED8-295C-DD35-1F4AF00699DE}"
EndProject
Project("{FAE04EC0-301F-11D3-BF4B-00C04F79EFBC}") = "Unity.RenderPipeline.Universal.ShaderLibrary", "Unity.RenderPipeline.Universal.ShaderLibrary.csproj", "{09AEBA35-6470-C937-4E78-4DE90B8C5CC9}"
EndProject
Project("{FAE04EC0-301F-11D3-BF4B-00C04F79EFBC}") = "Unity.RenderPipelines.Core.ShaderLibrary", "Unity.RenderPipelines.Core.ShaderLibrary.csproj", "{36838762-BB7F-CBD0-417C-403FC1F823ED}"
EndProject
Project("{FAE04EC0-301F-11D3-BF4B-00C04F79EFBC}") = "Unity.RenderPipelines.Universal.Shaders", "Unity.RenderPipelines.Universal.Shaders.csproj", "{6BE1CFCC-0AFE-BB75-D4AE-96079D78ED4B}"
EndProject
Project("{FAE04EC0-301F-11D3-BF4B-00C04F79EFBC}") = "UnityEngine.Advertisements", "UnityEngine.Advertisements.csproj", "{F8EC02B0-2434-7CB5-C273-6C02DBD3AEBA}"
EndProject
Project("{FAE04EC0-301F-11D3-BF4B-00C04F79EFBC}") = "UnityEngine.Monetization", "UnityEngine.Monetization.csproj", "{BC46B9F1-FA31-875E-9A1C-029DF1C4980E}"
EndProject
Project("{FAE04EC0-301F-11D3-BF4B-00C04F79EFBC}") = "Unity.ProBuilder.Editor", "Unity.ProBuilder.Editor.csproj", "{86610D0E-34B3-9657-E47D-241D8A9EEC96}"
EndProject
Project("{FAE04EC0-301F-11D3-BF4B-00C04F79EFBC}") = "Unity.ShaderGraph.Editor", "Unity.ShaderGraph.Editor.csproj", "{E7E76264-41C7-2915-C1BC-5F536575A8D4}"
EndProject
Project("{FAE04EC0-301F-11D3-BF4B-00C04F79EFBC}") = "Unity.TextMeshPro.Editor", "Unity.TextMeshPro.Editor.csproj", "{8D6CE595-BA25-5254-CD73-48D11518578F}"
EndProject
Project("{FAE04EC0-301F-11D3-BF4B-00C04F79EFBC}") = "Unity.Timeline.Editor", "Unity.Timeline.Editor.csproj", "{C3D7A31E-68AF-3575-A1CD-9CFCD570B12C}"
EndProject
Project("{FAE04EC0-301F-11D3-BF4B-00C04F79EFBC}") = "Unity.CollabProxy.Editor", "Unity.CollabProxy.Editor.csproj", "{D7E00064-8F65-9DB6-7192-BF3C10ACA1BF}"
EndProject
Project("{FAE04EC0-301F-11D3-BF4B-00C04F79EFBC}") = "UnityEditor.TestRunner", "UnityEditor.TestRunner.csproj", "{AA52AFB2-3068-8E60-DFAD-9CBCABBF0D4F}"
EndProject
Project("{FAE04EC0-301F-11D3-BF4B-00C04F79EFBC}") = "Unity.RenderPipelines.Universal.Editor", "Unity.RenderPipelines.Universal.Editor.csproj", "{232C9BF6-5C25-18C4-61AF-F0F61F7F6026}"
EndProject
Project("{FAE04EC0-301F-11D3-BF4B-00C04F79EFBC}") = "Unity.Settings.Editor", "Unity.Settings.Editor.csproj", "{2BDACDD6-EF11-626E-C32D-5E331E0B3AC2}"
EndProject
Project("{FAE04EC0-301F-11D3-BF4B-00C04F79EFBC}") = "com.unity.cinemachine.editor", "com.unity.cinemachine.editor.csproj", "{61ACE1D0-5BB4-B91D-4B3C-9A8283462F91}"
EndProject
Project("{FAE04EC0-301F-11D3-BF4B-00C04F79EFBC}") = "Assembly-CSharp-Editor", "Assembly-CSharp-Editor.csproj", "{EA5E636A-4665-3519-A771-FCF2CE948C06}"
EndProject
Project("{FAE04EC0-301F-11D3-BF4B-00C04F79EFBC}") = "Unity.Rider.Editor", "Unity.Rider.Editor.csproj", "{C9D580AE-2CCB-5D59-5FA7-F12EA13A3720}"
EndProject
Project("{FAE04EC0-301F-11D3-BF4B-00C04F79EFBC}") = "Unity.VisualStudio.Editor", "Unity.VisualStudio.Editor.csproj", "{2B57C6F0-145B-8486-7801-B5375050CD04}"
EndProject
Project("{FAE04EC0-301F-11D3-BF4B-00C04F79EFBC}") = "Unity.RenderPipelines.Core.Editor", "Unity.RenderPipelines.Core.Editor.csproj", "{F88315CC-6603-52FC-0FD0-19995A138490}"
EndProject
Project("{FAE04EC0-301F-11D3-BF4B-00C04F79EFBC}") = "UnityEditor.XR.LegacyInputHelpers", "UnityEditor.XR.LegacyInputHelpers.csproj", "{843532A4-EEBD-AC9F-3927-39ADC6621080}"
EndProject
Project("{FAE04EC0-301F-11D3-BF4B-00C04F79EFBC}") = "Unity.Postprocessing.Editor", "Unity.Postprocessing.Editor.csproj", "{9EA9157B-4391-35AA-B239-D0A27CC4BD0B}"
EndProject
Project("{FAE04EC0-301F-11D3-BF4B-00C04F79EFBC}") = "Unity.ProBuilder.AssetIdRemapUtility", "Unity.ProBuilder.AssetIdRemapUtility.csproj", "{94963576-ED66-5BD9-E840-356ED75FD33F}"
EndProject
Project("{FAE04EC0-301F-11D3-BF4B-00C04F79EFBC}") = "Unity.VSCode.Editor", "Unity.VSCode.Editor.csproj", "{4DD0F2E7-0484-18FE-C8C0-0EBBCC5A5672}"
EndProject
Project("{FAE04EC0-301F-11D3-BF4B-00C04F79EFBC}") = "Unity.Searcher.Editor", "Unity.Searcher.Editor.csproj", "{7C053956-CA4D-5E2A-9880-9436AB045508}"
EndProject
Project("{FAE04EC0-301F-11D3-BF4B-00C04F79EFBC}") = "Unity.ShaderGraph.Utilities", "Unity.ShaderGraph.Utilities.csproj", "{DAB1BB0D-463C-B6C0-1D56-B91532DFD61B}"
EndProject
Project("{FAE04EC0-301F-11D3-BF4B-00C04F79EFBC}") = "com.rlabrecque.steamworks.net.editor", "com.rlabrecque.steamworks.net.editor.csproj", "{0C9CDED3-08BF-1F13-68DA-0A5ABE6D1296}"
EndProject
Project("{FAE04EC0-301F-11D3-BF4B-00C04F79EFBC}") = "UnityEditor.SpatialTracking", "UnityEditor.SpatialTracking.csproj", "{C861329C-B053-7B5C-CCDC-86934B49512F}"
EndProject
Project("{FAE04EC0-301F-11D3-BF4B-00C04F79EFBC}") = "Unity.ProBuilder.AddOns.Editor", "Unity.ProBuilder.AddOns.Editor.csproj", "{50389C79-9DBA-CC2D-284A-976338C7E182}"
EndProject
Project("{FAE04EC0-301F-11D3-BF4B-00C04F79EFBC}") = "Unity.DeviceSimulator.Editor", "Unity.DeviceSimulator.Editor.csproj", "{4E4001A1-9851-2D34-3D83-7B34D11892C8}"
EndProject
Global
	GlobalSection(SolutionConfigurationPlatforms) = preSolution
		Debug|Any CPU = Debug|Any CPU
		Release|Any CPU = Release|Any CPU
	EndGlobalSection
	GlobalSection(ProjectConfigurationPlatforms) = postSolution
		{788643C8-F5C9-F0C7-AB04-9E13E317FD01}.Debug|Any CPU.ActiveCfg = Debug|Any CPU
		{788643C8-F5C9-F0C7-AB04-9E13E317FD01}.Debug|Any CPU.Build.0 = Debug|Any CPU
		{788643C8-F5C9-F0C7-AB04-9E13E317FD01}.Release|Any CPU.ActiveCfg = Release|Any CPU
		{788643C8-F5C9-F0C7-AB04-9E13E317FD01}.Release|Any CPU.Build.0 = Release|Any CPU
		{2AF54CEF-4BA4-C953-3351-3D121D9B0463}.Debug|Any CPU.ActiveCfg = Debug|Any CPU
		{2AF54CEF-4BA4-C953-3351-3D121D9B0463}.Debug|Any CPU.Build.0 = Debug|Any CPU
		{2AF54CEF-4BA4-C953-3351-3D121D9B0463}.Release|Any CPU.ActiveCfg = Release|Any CPU
		{2AF54CEF-4BA4-C953-3351-3D121D9B0463}.Release|Any CPU.Build.0 = Release|Any CPU
		{9DBC4C73-6E04-8795-CA03-0870AAE69C59}.Debug|Any CPU.ActiveCfg = Debug|Any CPU
		{9DBC4C73-6E04-8795-CA03-0870AAE69C59}.Debug|Any CPU.Build.0 = Debug|Any CPU
		{9DBC4C73-6E04-8795-CA03-0870AAE69C59}.Release|Any CPU.ActiveCfg = Release|Any CPU
		{9DBC4C73-6E04-8795-CA03-0870AAE69C59}.Release|Any CPU.Build.0 = Release|Any CPU
		{3B34CC4C-08B4-F4F7-E5A7-883DF43791DC}.Debug|Any CPU.ActiveCfg = Debug|Any CPU
		{3B34CC4C-08B4-F4F7-E5A7-883DF43791DC}.Debug|Any CPU.Build.0 = Debug|Any CPU
		{3B34CC4C-08B4-F4F7-E5A7-883DF43791DC}.Release|Any CPU.ActiveCfg = Release|Any CPU
		{3B34CC4C-08B4-F4F7-E5A7-883DF43791DC}.Release|Any CPU.Build.0 = Release|Any CPU
		{F26AA553-FFBA-354F-FEDB-5F4136F53EC1}.Debug|Any CPU.ActiveCfg = Debug|Any CPU
		{F26AA553-FFBA-354F-FEDB-5F4136F53EC1}.Debug|Any CPU.Build.0 = Debug|Any CPU
		{F26AA553-FFBA-354F-FEDB-5F4136F53EC1}.Release|Any CPU.ActiveCfg = Release|Any CPU
		{F26AA553-FFBA-354F-FEDB-5F4136F53EC1}.Release|Any CPU.Build.0 = Release|Any CPU
		{57400AD9-328B-4770-BB39-27E28F7333F1}.Debug|Any CPU.ActiveCfg = Debug|Any CPU
		{57400AD9-328B-4770-BB39-27E28F7333F1}.Debug|Any CPU.Build.0 = Debug|Any CPU
		{57400AD9-328B-4770-BB39-27E28F7333F1}.Release|Any CPU.ActiveCfg = Release|Any CPU
		{57400AD9-328B-4770-BB39-27E28F7333F1}.Release|Any CPU.Build.0 = Release|Any CPU
		{CF13EBBD-00E5-CE33-5953-FC5F80A1140A}.Debug|Any CPU.ActiveCfg = Debug|Any CPU
		{CF13EBBD-00E5-CE33-5953-FC5F80A1140A}.Debug|Any CPU.Build.0 = Debug|Any CPU
		{CF13EBBD-00E5-CE33-5953-FC5F80A1140A}.Release|Any CPU.ActiveCfg = Release|Any CPU
		{CF13EBBD-00E5-CE33-5953-FC5F80A1140A}.Release|Any CPU.Build.0 = Release|Any CPU
		{3C8AB648-F4D3-C8A4-718E-0EC61DB2B4BC}.Debug|Any CPU.ActiveCfg = Debug|Any CPU
		{3C8AB648-F4D3-C8A4-718E-0EC61DB2B4BC}.Debug|Any CPU.Build.0 = Debug|Any CPU
		{3C8AB648-F4D3-C8A4-718E-0EC61DB2B4BC}.Release|Any CPU.ActiveCfg = Release|Any CPU
		{3C8AB648-F4D3-C8A4-718E-0EC61DB2B4BC}.Release|Any CPU.Build.0 = Release|Any CPU
		{18234A9E-6D4C-358F-5F1A-9494433DAD0A}.Debug|Any CPU.ActiveCfg = Debug|Any CPU
		{18234A9E-6D4C-358F-5F1A-9494433DAD0A}.Debug|Any CPU.Build.0 = Debug|Any CPU
		{18234A9E-6D4C-358F-5F1A-9494433DAD0A}.Release|Any CPU.ActiveCfg = Release|Any CPU
		{18234A9E-6D4C-358F-5F1A-9494433DAD0A}.Release|Any CPU.Build.0 = Release|Any CPU
		{3671FE4B-4236-6727-BF71-C2427BDF57C3}.Debug|Any CPU.ActiveCfg = Debug|Any CPU
		{3671FE4B-4236-6727-BF71-C2427BDF57C3}.Debug|Any CPU.Build.0 = Debug|Any CPU
		{3671FE4B-4236-6727-BF71-C2427BDF57C3}.Release|Any CPU.ActiveCfg = Release|Any CPU
		{3671FE4B-4236-6727-BF71-C2427BDF57C3}.Release|Any CPU.Build.0 = Release|Any CPU
		{5DE6E3F6-083D-567A-FFF6-7DBA1DDF95FD}.Debug|Any CPU.ActiveCfg = Debug|Any CPU
		{5DE6E3F6-083D-567A-FFF6-7DBA1DDF95FD}.Debug|Any CPU.Build.0 = Debug|Any CPU
		{5DE6E3F6-083D-567A-FFF6-7DBA1DDF95FD}.Release|Any CPU.ActiveCfg = Release|Any CPU
		{5DE6E3F6-083D-567A-FFF6-7DBA1DDF95FD}.Release|Any CPU.Build.0 = Release|Any CPU
		{A002CA65-0143-EC9C-472F-1027CC2B2948}.Debug|Any CPU.ActiveCfg = Debug|Any CPU
		{A002CA65-0143-EC9C-472F-1027CC2B2948}.Debug|Any CPU.Build.0 = Debug|Any CPU
		{A002CA65-0143-EC9C-472F-1027CC2B2948}.Release|Any CPU.ActiveCfg = Release|Any CPU
		{A002CA65-0143-EC9C-472F-1027CC2B2948}.Release|Any CPU.Build.0 = Release|Any CPU
		{5EF21F0C-561B-F22A-16DB-D1871AF33D98}.Debug|Any CPU.ActiveCfg = Debug|Any CPU
		{5EF21F0C-561B-F22A-16DB-D1871AF33D98}.Debug|Any CPU.Build.0 = Debug|Any CPU
		{5EF21F0C-561B-F22A-16DB-D1871AF33D98}.Release|Any CPU.ActiveCfg = Release|Any CPU
		{5EF21F0C-561B-F22A-16DB-D1871AF33D98}.Release|Any CPU.Build.0 = Release|Any CPU
		{5DA1728C-4A0F-B5F4-B862-31AF61AC457E}.Debug|Any CPU.ActiveCfg = Debug|Any CPU
		{5DA1728C-4A0F-B5F4-B862-31AF61AC457E}.Debug|Any CPU.Build.0 = Debug|Any CPU
		{5DA1728C-4A0F-B5F4-B862-31AF61AC457E}.Release|Any CPU.ActiveCfg = Release|Any CPU
		{5DA1728C-4A0F-B5F4-B862-31AF61AC457E}.Release|Any CPU.Build.0 = Release|Any CPU
		{B0FCC944-FB10-EA96-E025-5B5FA9FF29D4}.Debug|Any CPU.ActiveCfg = Debug|Any CPU
		{B0FCC944-FB10-EA96-E025-5B5FA9FF29D4}.Debug|Any CPU.Build.0 = Debug|Any CPU
		{B0FCC944-FB10-EA96-E025-5B5FA9FF29D4}.Release|Any CPU.ActiveCfg = Release|Any CPU
		{B0FCC944-FB10-EA96-E025-5B5FA9FF29D4}.Release|Any CPU.Build.0 = Release|Any CPU
		{F1497D85-92DF-0416-8317-A948D598E865}.Debug|Any CPU.ActiveCfg = Debug|Any CPU
		{F1497D85-92DF-0416-8317-A948D598E865}.Debug|Any CPU.Build.0 = Debug|Any CPU
		{F1497D85-92DF-0416-8317-A948D598E865}.Release|Any CPU.ActiveCfg = Release|Any CPU
		{F1497D85-92DF-0416-8317-A948D598E865}.Release|Any CPU.Build.0 = Release|Any CPU
		{CFD67B24-B3A7-D22D-DBFD-F89A4DFE5E98}.Debug|Any CPU.ActiveCfg = Debug|Any CPU
		{CFD67B24-B3A7-D22D-DBFD-F89A4DFE5E98}.Debug|Any CPU.Build.0 = Debug|Any CPU
		{CFD67B24-B3A7-D22D-DBFD-F89A4DFE5E98}.Release|Any CPU.ActiveCfg = Release|Any CPU
		{CFD67B24-B3A7-D22D-DBFD-F89A4DFE5E98}.Release|Any CPU.Build.0 = Release|Any CPU
		{FEB05C0D-FB23-98E1-4FDB-9000E9B03A84}.Debug|Any CPU.ActiveCfg = Debug|Any CPU
		{FEB05C0D-FB23-98E1-4FDB-9000E9B03A84}.Debug|Any CPU.Build.0 = Debug|Any CPU
		{FEB05C0D-FB23-98E1-4FDB-9000E9B03A84}.Release|Any CPU.ActiveCfg = Release|Any CPU
		{FEB05C0D-FB23-98E1-4FDB-9000E9B03A84}.Release|Any CPU.Build.0 = Release|Any CPU
		{B65AF317-3ED8-295C-DD35-1F4AF00699DE}.Debug|Any CPU.ActiveCfg = Debug|Any CPU
		{B65AF317-3ED8-295C-DD35-1F4AF00699DE}.Debug|Any CPU.Build.0 = Debug|Any CPU
		{B65AF317-3ED8-295C-DD35-1F4AF00699DE}.Release|Any CPU.ActiveCfg = Release|Any CPU
		{B65AF317-3ED8-295C-DD35-1F4AF00699DE}.Release|Any CPU.Build.0 = Release|Any CPU
		{09AEBA35-6470-C937-4E78-4DE90B8C5CC9}.Debug|Any CPU.ActiveCfg = Debug|Any CPU
		{09AEBA35-6470-C937-4E78-4DE90B8C5CC9}.Debug|Any CPU.Build.0 = Debug|Any CPU
		{09AEBA35-6470-C937-4E78-4DE90B8C5CC9}.Release|Any CPU.ActiveCfg = Release|Any CPU
		{09AEBA35-6470-C937-4E78-4DE90B8C5CC9}.Release|Any CPU.Build.0 = Release|Any CPU
		{36838762-BB7F-CBD0-417C-403FC1F823ED}.Debug|Any CPU.ActiveCfg = Debug|Any CPU
		{36838762-BB7F-CBD0-417C-403FC1F823ED}.Debug|Any CPU.Build.0 = Debug|Any CPU
		{36838762-BB7F-CBD0-417C-403FC1F823ED}.Release|Any CPU.ActiveCfg = Release|Any CPU
		{36838762-BB7F-CBD0-417C-403FC1F823ED}.Release|Any CPU.Build.0 = Release|Any CPU
		{6BE1CFCC-0AFE-BB75-D4AE-96079D78ED4B}.Debug|Any CPU.ActiveCfg = Debug|Any CPU
		{6BE1CFCC-0AFE-BB75-D4AE-96079D78ED4B}.Debug|Any CPU.Build.0 = Debug|Any CPU
		{6BE1CFCC-0AFE-BB75-D4AE-96079D78ED4B}.Release|Any CPU.ActiveCfg = Release|Any CPU
		{6BE1CFCC-0AFE-BB75-D4AE-96079D78ED4B}.Release|Any CPU.Build.0 = Release|Any CPU
		{F8EC02B0-2434-7CB5-C273-6C02DBD3AEBA}.Debug|Any CPU.ActiveCfg = Debug|Any CPU
		{F8EC02B0-2434-7CB5-C273-6C02DBD3AEBA}.Debug|Any CPU.Build.0 = Debug|Any CPU
		{F8EC02B0-2434-7CB5-C273-6C02DBD3AEBA}.Release|Any CPU.ActiveCfg = Release|Any CPU
		{F8EC02B0-2434-7CB5-C273-6C02DBD3AEBA}.Release|Any CPU.Build.0 = Release|Any CPU
		{BC46B9F1-FA31-875E-9A1C-029DF1C4980E}.Debug|Any CPU.ActiveCfg = Debug|Any CPU
		{BC46B9F1-FA31-875E-9A1C-029DF1C4980E}.Debug|Any CPU.Build.0 = Debug|Any CPU
		{BC46B9F1-FA31-875E-9A1C-029DF1C4980E}.Release|Any CPU.ActiveCfg = Release|Any CPU
		{BC46B9F1-FA31-875E-9A1C-029DF1C4980E}.Release|Any CPU.Build.0 = Release|Any CPU
		{86610D0E-34B3-9657-E47D-241D8A9EEC96}.Debug|Any CPU.ActiveCfg = Debug|Any CPU
		{86610D0E-34B3-9657-E47D-241D8A9EEC96}.Debug|Any CPU.Build.0 = Debug|Any CPU
		{86610D0E-34B3-9657-E47D-241D8A9EEC96}.Release|Any CPU.ActiveCfg = Release|Any CPU
		{86610D0E-34B3-9657-E47D-241D8A9EEC96}.Release|Any CPU.Build.0 = Release|Any CPU
		{E7E76264-41C7-2915-C1BC-5F536575A8D4}.Debug|Any CPU.ActiveCfg = Debug|Any CPU
		{E7E76264-41C7-2915-C1BC-5F536575A8D4}.Debug|Any CPU.Build.0 = Debug|Any CPU
		{E7E76264-41C7-2915-C1BC-5F536575A8D4}.Release|Any CPU.ActiveCfg = Release|Any CPU
		{E7E76264-41C7-2915-C1BC-5F536575A8D4}.Release|Any CPU.Build.0 = Release|Any CPU
		{8D6CE595-BA25-5254-CD73-48D11518578F}.Debug|Any CPU.ActiveCfg = Debug|Any CPU
		{8D6CE595-BA25-5254-CD73-48D11518578F}.Debug|Any CPU.Build.0 = Debug|Any CPU
		{8D6CE595-BA25-5254-CD73-48D11518578F}.Release|Any CPU.ActiveCfg = Release|Any CPU
		{8D6CE595-BA25-5254-CD73-48D11518578F}.Release|Any CPU.Build.0 = Release|Any CPU
		{C3D7A31E-68AF-3575-A1CD-9CFCD570B12C}.Debug|Any CPU.ActiveCfg = Debug|Any CPU
		{C3D7A31E-68AF-3575-A1CD-9CFCD570B12C}.Debug|Any CPU.Build.0 = Debug|Any CPU
		{C3D7A31E-68AF-3575-A1CD-9CFCD570B12C}.Release|Any CPU.ActiveCfg = Release|Any CPU
		{C3D7A31E-68AF-3575-A1CD-9CFCD570B12C}.Release|Any CPU.Build.0 = Release|Any CPU
		{D7E00064-8F65-9DB6-7192-BF3C10ACA1BF}.Debug|Any CPU.ActiveCfg = Debug|Any CPU
		{D7E00064-8F65-9DB6-7192-BF3C10ACA1BF}.Debug|Any CPU.Build.0 = Debug|Any CPU
		{D7E00064-8F65-9DB6-7192-BF3C10ACA1BF}.Release|Any CPU.ActiveCfg = Release|Any CPU
		{D7E00064-8F65-9DB6-7192-BF3C10ACA1BF}.Release|Any CPU.Build.0 = Release|Any CPU
		{AA52AFB2-3068-8E60-DFAD-9CBCABBF0D4F}.Debug|Any CPU.ActiveCfg = Debug|Any CPU
		{AA52AFB2-3068-8E60-DFAD-9CBCABBF0D4F}.Debug|Any CPU.Build.0 = Debug|Any CPU
		{AA52AFB2-3068-8E60-DFAD-9CBCABBF0D4F}.Release|Any CPU.ActiveCfg = Release|Any CPU
		{AA52AFB2-3068-8E60-DFAD-9CBCABBF0D4F}.Release|Any CPU.Build.0 = Release|Any CPU
		{232C9BF6-5C25-18C4-61AF-F0F61F7F6026}.Debug|Any CPU.ActiveCfg = Debug|Any CPU
		{232C9BF6-5C25-18C4-61AF-F0F61F7F6026}.Debug|Any CPU.Build.0 = Debug|Any CPU
		{232C9BF6-5C25-18C4-61AF-F0F61F7F6026}.Release|Any CPU.ActiveCfg = Release|Any CPU
		{232C9BF6-5C25-18C4-61AF-F0F61F7F6026}.Release|Any CPU.Build.0 = Release|Any CPU
		{2BDACDD6-EF11-626E-C32D-5E331E0B3AC2}.Debug|Any CPU.ActiveCfg = Debug|Any CPU
		{2BDACDD6-EF11-626E-C32D-5E331E0B3AC2}.Debug|Any CPU.Build.0 = Debug|Any CPU
		{2BDACDD6-EF11-626E-C32D-5E331E0B3AC2}.Release|Any CPU.ActiveCfg = Release|Any CPU
		{2BDACDD6-EF11-626E-C32D-5E331E0B3AC2}.Release|Any CPU.Build.0 = Release|Any CPU
		{61ACE1D0-5BB4-B91D-4B3C-9A8283462F91}.Debug|Any CPU.ActiveCfg = Debug|Any CPU
		{61ACE1D0-5BB4-B91D-4B3C-9A8283462F91}.Debug|Any CPU.Build.0 = Debug|Any CPU
		{61ACE1D0-5BB4-B91D-4B3C-9A8283462F91}.Release|Any CPU.ActiveCfg = Release|Any CPU
		{61ACE1D0-5BB4-B91D-4B3C-9A8283462F91}.Release|Any CPU.Build.0 = Release|Any CPU
		{EA5E636A-4665-3519-A771-FCF2CE948C06}.Debug|Any CPU.ActiveCfg = Debug|Any CPU
		{EA5E636A-4665-3519-A771-FCF2CE948C06}.Debug|Any CPU.Build.0 = Debug|Any CPU
		{EA5E636A-4665-3519-A771-FCF2CE948C06}.Release|Any CPU.ActiveCfg = Release|Any CPU
		{EA5E636A-4665-3519-A771-FCF2CE948C06}.Release|Any CPU.Build.0 = Release|Any CPU
		{C9D580AE-2CCB-5D59-5FA7-F12EA13A3720}.Debug|Any CPU.ActiveCfg = Debug|Any CPU
		{C9D580AE-2CCB-5D59-5FA7-F12EA13A3720}.Debug|Any CPU.Build.0 = Debug|Any CPU
		{C9D580AE-2CCB-5D59-5FA7-F12EA13A3720}.Release|Any CPU.ActiveCfg = Release|Any CPU
		{C9D580AE-2CCB-5D59-5FA7-F12EA13A3720}.Release|Any CPU.Build.0 = Release|Any CPU
		{2B57C6F0-145B-8486-7801-B5375050CD04}.Debug|Any CPU.ActiveCfg = Debug|Any CPU
		{2B57C6F0-145B-8486-7801-B5375050CD04}.Debug|Any CPU.Build.0 = Debug|Any CPU
		{2B57C6F0-145B-8486-7801-B5375050CD04}.Release|Any CPU.ActiveCfg = Release|Any CPU
		{2B57C6F0-145B-8486-7801-B5375050CD04}.Release|Any CPU.Build.0 = Release|Any CPU
		{F88315CC-6603-52FC-0FD0-19995A138490}.Debug|Any CPU.ActiveCfg = Debug|Any CPU
		{F88315CC-6603-52FC-0FD0-19995A138490}.Debug|Any CPU.Build.0 = Debug|Any CPU
		{F88315CC-6603-52FC-0FD0-19995A138490}.Release|Any CPU.ActiveCfg = Release|Any CPU
		{F88315CC-6603-52FC-0FD0-19995A138490}.Release|Any CPU.Build.0 = Release|Any CPU
		{843532A4-EEBD-AC9F-3927-39ADC6621080}.Debug|Any CPU.ActiveCfg = Debug|Any CPU
		{843532A4-EEBD-AC9F-3927-39ADC6621080}.Debug|Any CPU.Build.0 = Debug|Any CPU
		{843532A4-EEBD-AC9F-3927-39ADC6621080}.Release|Any CPU.ActiveCfg = Release|Any CPU
		{843532A4-EEBD-AC9F-3927-39ADC6621080}.Release|Any CPU.Build.0 = Release|Any CPU
		{9EA9157B-4391-35AA-B239-D0A27CC4BD0B}.Debug|Any CPU.ActiveCfg = Debug|Any CPU
		{9EA9157B-4391-35AA-B239-D0A27CC4BD0B}.Debug|Any CPU.Build.0 = Debug|Any CPU
		{9EA9157B-4391-35AA-B239-D0A27CC4BD0B}.Release|Any CPU.ActiveCfg = Release|Any CPU
		{9EA9157B-4391-35AA-B239-D0A27CC4BD0B}.Release|Any CPU.Build.0 = Release|Any CPU
		{94963576-ED66-5BD9-E840-356ED75FD33F}.Debug|Any CPU.ActiveCfg = Debug|Any CPU
		{94963576-ED66-5BD9-E840-356ED75FD33F}.Debug|Any CPU.Build.0 = Debug|Any CPU
		{94963576-ED66-5BD9-E840-356ED75FD33F}.Release|Any CPU.ActiveCfg = Release|Any CPU
		{94963576-ED66-5BD9-E840-356ED75FD33F}.Release|Any CPU.Build.0 = Release|Any CPU
		{4DD0F2E7-0484-18FE-C8C0-0EBBCC5A5672}.Debug|Any CPU.ActiveCfg = Debug|Any CPU
		{4DD0F2E7-0484-18FE-C8C0-0EBBCC5A5672}.Debug|Any CPU.Build.0 = Debug|Any CPU
		{4DD0F2E7-0484-18FE-C8C0-0EBBCC5A5672}.Release|Any CPU.ActiveCfg = Release|Any CPU
		{4DD0F2E7-0484-18FE-C8C0-0EBBCC5A5672}.Release|Any CPU.Build.0 = Release|Any CPU
		{7C053956-CA4D-5E2A-9880-9436AB045508}.Debug|Any CPU.ActiveCfg = Debug|Any CPU
		{7C053956-CA4D-5E2A-9880-9436AB045508}.Debug|Any CPU.Build.0 = Debug|Any CPU
		{7C053956-CA4D-5E2A-9880-9436AB045508}.Release|Any CPU.ActiveCfg = Release|Any CPU
		{7C053956-CA4D-5E2A-9880-9436AB045508}.Release|Any CPU.Build.0 = Release|Any CPU
		{DAB1BB0D-463C-B6C0-1D56-B91532DFD61B}.Debug|Any CPU.ActiveCfg = Debug|Any CPU
		{DAB1BB0D-463C-B6C0-1D56-B91532DFD61B}.Debug|Any CPU.Build.0 = Debug|Any CPU
		{DAB1BB0D-463C-B6C0-1D56-B91532DFD61B}.Release|Any CPU.ActiveCfg = Release|Any CPU
		{DAB1BB0D-463C-B6C0-1D56-B91532DFD61B}.Release|Any CPU.Build.0 = Release|Any CPU
		{0C9CDED3-08BF-1F13-68DA-0A5ABE6D1296}.Debug|Any CPU.ActiveCfg = Debug|Any CPU
		{0C9CDED3-08BF-1F13-68DA-0A5ABE6D1296}.Debug|Any CPU.Build.0 = Debug|Any CPU
		{0C9CDED3-08BF-1F13-68DA-0A5ABE6D1296}.Release|Any CPU.ActiveCfg = Release|Any CPU
		{0C9CDED3-08BF-1F13-68DA-0A5ABE6D1296}.Release|Any CPU.Build.0 = Release|Any CPU
		{C861329C-B053-7B5C-CCDC-86934B49512F}.Debug|Any CPU.ActiveCfg = Debug|Any CPU
		{C861329C-B053-7B5C-CCDC-86934B49512F}.Debug|Any CPU.Build.0 = Debug|Any CPU
		{C861329C-B053-7B5C-CCDC-86934B49512F}.Release|Any CPU.ActiveCfg = Release|Any CPU
		{C861329C-B053-7B5C-CCDC-86934B49512F}.Release|Any CPU.Build.0 = Release|Any CPU
		{50389C79-9DBA-CC2D-284A-976338C7E182}.Debug|Any CPU.ActiveCfg = Debug|Any CPU
		{50389C79-9DBA-CC2D-284A-976338C7E182}.Debug|Any CPU.Build.0 = Debug|Any CPU
		{50389C79-9DBA-CC2D-284A-976338C7E182}.Release|Any CPU.ActiveCfg = Release|Any CPU
		{50389C79-9DBA-CC2D-284A-976338C7E182}.Release|Any CPU.Build.0 = Release|Any CPU
		{4E4001A1-9851-2D34-3D83-7B34D11892C8}.Debug|Any CPU.ActiveCfg = Debug|Any CPU
		{4E4001A1-9851-2D34-3D83-7B34D11892C8}.Debug|Any CPU.Build.0 = Debug|Any CPU
		{4E4001A1-9851-2D34-3D83-7B34D11892C8}.Release|Any CPU.ActiveCfg = Release|Any CPU
		{4E4001A1-9851-2D34-3D83-7B34D11892C8}.Release|Any CPU.Build.0 = Release|Any CPU
	EndGlobalSection
	GlobalSection(SolutionProperties) = preSolution
		HideSolutionNode = FALSE
	EndGlobalSection
EndGlobal
